
Microsoft Visual Studio Solution File, Format Version 12.00
# Visual Studio Version 17
VisualStudioVersion = 17.8.34330.188
MinimumVisualStudioVersion = 10.0.40219.1
Project("{9A19103F-16F7-4668-BE54-9A1E7A4F7556}") = "ThrownForALoop", "ThrownForALoop.csproj", "{08D82F9B-C93B-46E8-8678-D7BEAC8DB8D4}"
EndProject
Global
	GlobalSection(SolutionConfigurationPlatforms) = preSolution
		Debug|Any CPU = Debug|Any CPU
		Release|Any CPU = Release|Any CPU
	EndGlobalSection
	GlobalSection(ProjectConfigurationPlatforms) = postSolution
		{08D82F9B-C93B-46E8-8678-D7BEAC8DB8D4}.Debug|Any CPU.ActiveCfg = Debug|Any CPU
		{08D82F9B-C93B-46E8-8678-D7BEAC8DB8D4}.Debug|Any CPU.Build.0 = Debug|Any CPU
		{08D82F9B-C93B-46E8-8678-D7BEAC8DB8D4}.Release|Any CPU.ActiveCfg = Release|Any CPU
		{08D82F9B-C93B-46E8-8678-D7BEAC8DB8D4}.Release|Any CPU.Build.0 = Release|Any CPU
	EndGlobalSection
	GlobalSection(SolutionProperties) = preSolution
		HideSolutionNode = FALSE
	EndGlobalSection
	GlobalSection(ExtensibilityGlobals) = postSolution
		SolutionGuid = {A941B8EB-1222-4F49-8D33-1538EBC5EE27}
	EndGlobalSection
EndGlobal
